{
  "object": {
    "pins": [
      {
        "package": "RVS_Generic_Swift_Toolbox",
        "repositoryURL": "git@github.com:RiftValleySoftware/RVS_Generic_Swift_Toolbox.git",
        "state": {
          "branch": null,
          "revision": "c7f2ec1488731ee239eb5aa0f92a0044ed44c228",
          "version": "1.6.3"
        }
      }
    ]
  },
  "version": 1
}
