{
  "object": {
    "pins": [
      {
        "package": "RVS_Generic_Swift_Toolbox",
        "repositoryURL": "git@github.com:RiftValleySoftware/RVS_Generic_Swift_Toolbox.git",
        "state": {
          "branch": null,
          "revision": "5a21d7d7fadc1093cafb1fbde20e98904b8b9173",
          "version": "1.5.2"
        }
      }
    ]
  },
  "version": 1
}
