{
  "object": {
    "pins": [
      {
        "package": "RVS_Generic_Swift_Toolbox",
        "repositoryURL": "git@github.com:RiftValleySoftware/RVS_Generic_Swift_Toolbox.git",
        "state": {
          "branch": null,
          "revision": "e9f1fdac950d711c58e592163bc30b040999229e",
          "version": "1.6.4"
        }
      }
    ]
  },
  "version": 1
}
