// !$*UTF8*$!
{
	archiveVersion = 1;
	classes = {
	};
	objectVersion = 52;
	objects = {

/* Begin PBXAggregateTarget section */
		"RVS_BlueThoth::RVS-BlueThoth::ProductTarget" /* RVS-BlueThoth */ = {
			isa = PBXAggregateTarget;
			buildConfigurationList = OBJ_69 /* Build configuration list for PBXAggregateTarget "RVS-BlueThoth" */;
			buildPhases = (
			);
			dependencies = (
				OBJ_72 /* PBXTargetDependency */,
			);
			name = "RVS-BlueThoth";
			productName = "RVS-BlueThoth";
		};
/* End PBXAggregateTarget section */

/* Begin PBXBuildFile section */
		D4BAE778249FB72E00F6414C /* RVS-Generic-Swift-Toolbox in Frameworks */ = {isa = PBXBuildFile; productRef = D4BAE777249FB72E00F6414C /* RVS-Generic-Swift-Toolbox */; };
		D4BAE779249FB72E00F6414C /* RVS-Generic-Swift-Toolbox in Embed Frameworks */ = {isa = PBXBuildFile; productRef = D4BAE777249FB72E00F6414C /* RVS-Generic-Swift-Toolbox */; settings = {ATTRIBUTES = (CodeSignOnCopy, ); }; };
		OBJ_100 /* CGA_Bluetooth_Service_Battery.swift in Sources */ = {isa = PBXBuildFile; fileRef = OBJ_35 /* CGA_Bluetooth_Service_Battery.swift */; };
		OBJ_101 /* CGA_Bluetooth_Service_CurrentTime.swift in Sources */ = {isa = PBXBuildFile; fileRef = OBJ_36 /* CGA_Bluetooth_Service_CurrentTime.swift */; };
		OBJ_102 /* CGA_Bluetooth_Service_DeviceInfo.swift in Sources */ = {isa = PBXBuildFile; fileRef = OBJ_37 /* CGA_Bluetooth_Service_DeviceInfo.swift */; };
		OBJ_103 /* CGA_Bluetooth_Characteristic_Protocol_Internal.swift in Sources */ = {isa = PBXBuildFile; fileRef = OBJ_40 /* CGA_Bluetooth_Characteristic_Protocol_Internal.swift */; };
		OBJ_104 /* CGA_Bluetooth_Descriptor_Protocol_Internal.swift in Sources */ = {isa = PBXBuildFile; fileRef = OBJ_41 /* CGA_Bluetooth_Descriptor_Protocol_Internal.swift */; };
		OBJ_105 /* CGA_Bluetooth_Service_Protocol_Internal.swift in Sources */ = {isa = PBXBuildFile; fileRef = OBJ_42 /* CGA_Bluetooth_Service_Protocol_Internal.swift */; };
		OBJ_106 /* CGA_Array_Extensions.swift in Sources */ = {isa = PBXBuildFile; fileRef = OBJ_44 /* CGA_Array_Extensions.swift */; };
		OBJ_107 /* CGA_Bluetooth_Characteristic_Protocol.swift in Sources */ = {isa = PBXBuildFile; fileRef = OBJ_45 /* CGA_Bluetooth_Characteristic_Protocol.swift */; };
		OBJ_108 /* CGA_Bluetooth_Descriptor_Protocol.swift in Sources */ = {isa = PBXBuildFile; fileRef = OBJ_46 /* CGA_Bluetooth_Descriptor_Protocol.swift */; };
		OBJ_109 /* CGA_Bluetooth_Protocols.swift in Sources */ = {isa = PBXBuildFile; fileRef = OBJ_47 /* CGA_Bluetooth_Protocols.swift */; };
		OBJ_110 /* CGA_Bluetooth_Service_Protocol.swift in Sources */ = {isa = PBXBuildFile; fileRef = OBJ_48 /* CGA_Bluetooth_Service_Protocol.swift */; };
		OBJ_111 /* CGA_Errors.swift in Sources */ = {isa = PBXBuildFile; fileRef = OBJ_49 /* CGA_Errors.swift */; };
		OBJ_112 /* RVS_BlueThoth.swift in Sources */ = {isa = PBXBuildFile; fileRef = OBJ_50 /* RVS_BlueThoth.swift */; };
		OBJ_113 /* RVS_BlueThoth_Callbacks.swift in Sources */ = {isa = PBXBuildFile; fileRef = OBJ_51 /* RVS_BlueThoth_Callbacks.swift */; };
		OBJ_120 /* Package.swift in Sources */ = {isa = PBXBuildFile; fileRef = OBJ_6 /* Package.swift */; };
		OBJ_78 /* CGA_Bluetooth_Characteristic.swift in Sources */ = {isa = PBXBuildFile; fileRef = OBJ_10 /* CGA_Bluetooth_Characteristic.swift */; };
		OBJ_79 /* CGA_Bluetooth_Characteristic_BatteryLevel.swift in Sources */ = {isa = PBXBuildFile; fileRef = OBJ_11 /* CGA_Bluetooth_Characteristic_BatteryLevel.swift */; };
		OBJ_80 /* CGA_Bluetooth_Characteristic_CurrentTime.swift in Sources */ = {isa = PBXBuildFile; fileRef = OBJ_12 /* CGA_Bluetooth_Characteristic_CurrentTime.swift */; };
		OBJ_81 /* CGA_Bluetooth_Characteristic_FirmwareRevision.swift in Sources */ = {isa = PBXBuildFile; fileRef = OBJ_13 /* CGA_Bluetooth_Characteristic_FirmwareRevision.swift */; };
		OBJ_82 /* CGA_Bluetooth_Characteristic_HardwareRevision.swift in Sources */ = {isa = PBXBuildFile; fileRef = OBJ_14 /* CGA_Bluetooth_Characteristic_HardwareRevision.swift */; };
		OBJ_83 /* CGA_Bluetooth_Characteristic_LocalTimeInformation.swift in Sources */ = {isa = PBXBuildFile; fileRef = OBJ_15 /* CGA_Bluetooth_Characteristic_LocalTimeInformation.swift */; };
		OBJ_84 /* CGA_Bluetooth_Characteristic_ManufacturerName.swift in Sources */ = {isa = PBXBuildFile; fileRef = OBJ_16 /* CGA_Bluetooth_Characteristic_ManufacturerName.swift */; };
		OBJ_85 /* CGA_Bluetooth_Characteristic_ModelNumber.swift in Sources */ = {isa = PBXBuildFile; fileRef = OBJ_17 /* CGA_Bluetooth_Characteristic_ModelNumber.swift */; };
		OBJ_86 /* CGA_Bluetooth_Characteristic_SerialNumber.swift in Sources */ = {isa = PBXBuildFile; fileRef = OBJ_18 /* CGA_Bluetooth_Characteristic_SerialNumber.swift */; };
		OBJ_87 /* CGA_Bluetooth_Characteristic_SoftwareRevision.swift in Sources */ = {isa = PBXBuildFile; fileRef = OBJ_19 /* CGA_Bluetooth_Characteristic_SoftwareRevision.swift */; };
		OBJ_88 /* CGA_Bluetooth_Characteristic_SystemID.swift in Sources */ = {isa = PBXBuildFile; fileRef = OBJ_20 /* CGA_Bluetooth_Characteristic_SystemID.swift */; };
		OBJ_89 /* CGA_Bluetooth_Descriptor.swift in Sources */ = {isa = PBXBuildFile; fileRef = OBJ_22 /* CGA_Bluetooth_Descriptor.swift */; };
		OBJ_90 /* CGA_Bluetooth_Descriptor_AggregateFormat.swift in Sources */ = {isa = PBXBuildFile; fileRef = OBJ_23 /* CGA_Bluetooth_Descriptor_AggregateFormat.swift */; };
		OBJ_91 /* CGA_Bluetooth_Descriptor_CBUUIDL2CAPPSMCharacteristic.swift in Sources */ = {isa = PBXBuildFile; fileRef = OBJ_24 /* CGA_Bluetooth_Descriptor_CBUUIDL2CAPPSMCharacteristic.swift */; };
		OBJ_92 /* CGA_Bluetooth_Descriptor_Characteristic_Extended_Properties.swift in Sources */ = {isa = PBXBuildFile; fileRef = OBJ_25 /* CGA_Bluetooth_Descriptor_Characteristic_Extended_Properties.swift */; };
		OBJ_93 /* CGA_Bluetooth_Descriptor_ClientCharacteristicConfiguration.swift in Sources */ = {isa = PBXBuildFile; fileRef = OBJ_26 /* CGA_Bluetooth_Descriptor_ClientCharacteristicConfiguration.swift */; };
		OBJ_94 /* CGA_Bluetooth_Descriptor_PresentationFormat.swift in Sources */ = {isa = PBXBuildFile; fileRef = OBJ_27 /* CGA_Bluetooth_Descriptor_PresentationFormat.swift */; };
		OBJ_95 /* CGA_Bluetooth_Descriptor_ServerCharacteristicConfiguration.swift in Sources */ = {isa = PBXBuildFile; fileRef = OBJ_28 /* CGA_Bluetooth_Descriptor_ServerCharacteristicConfiguration.swift */; };
		OBJ_96 /* CGA_Bluetooth_Descriptor_UserDescription.swift in Sources */ = {isa = PBXBuildFile; fileRef = OBJ_29 /* CGA_Bluetooth_Descriptor_UserDescription.swift */; };
		OBJ_97 /* CGA_Bluetooth_Peripheral.swift in Sources */ = {isa = PBXBuildFile; fileRef = OBJ_31 /* CGA_Bluetooth_Peripheral.swift */; };
		OBJ_98 /* CGA_Bluetooth_Peripheral_Callbacks.swift in Sources */ = {isa = PBXBuildFile; fileRef = OBJ_32 /* CGA_Bluetooth_Peripheral_Callbacks.swift */; };
		OBJ_99 /* CGA_Bluetooth_Service.swift in Sources */ = {isa = PBXBuildFile; fileRef = OBJ_34 /* CGA_Bluetooth_Service.swift */; };
/* End PBXBuildFile section */

/* Begin PBXContainerItemProxy section */
		D4BAE775249FB6FA00F6414C /* PBXContainerItemProxy */ = {
			isa = PBXContainerItemProxy;
			containerPortal = OBJ_1 /* Project object */;
			proxyType = 1;
			remoteGlobalIDString = "RVS_BlueThoth::RVS_BlueThoth";
			remoteInfo = RVS_BlueThoth;
		};
/* End PBXContainerItemProxy section */

/* Begin PBXCopyFilesBuildPhase section */
		D4BAE77A249FB72E00F6414C /* Embed Frameworks */ = {
			isa = PBXCopyFilesBuildPhase;
			buildActionMask = 2147483647;
			dstPath = "";
			dstSubfolderSpec = 10;
			files = (
				D4BAE779249FB72E00F6414C /* RVS-Generic-Swift-Toolbox in Embed Frameworks */,
			);
			name = "Embed Frameworks";
			runOnlyForDeploymentPostprocessing = 0;
		};
/* End PBXCopyFilesBuildPhase section */

/* Begin PBXFileReference section */
		OBJ_10 /* CGA_Bluetooth_Characteristic.swift */ = {isa = PBXFileReference; lastKnownFileType = sourcecode.swift; path = CGA_Bluetooth_Characteristic.swift; sourceTree = "<group>"; };
		OBJ_11 /* CGA_Bluetooth_Characteristic_BatteryLevel.swift */ = {isa = PBXFileReference; lastKnownFileType = sourcecode.swift; path = CGA_Bluetooth_Characteristic_BatteryLevel.swift; sourceTree = "<group>"; };
		OBJ_12 /* CGA_Bluetooth_Characteristic_CurrentTime.swift */ = {isa = PBXFileReference; lastKnownFileType = sourcecode.swift; path = CGA_Bluetooth_Characteristic_CurrentTime.swift; sourceTree = "<group>"; };
		OBJ_13 /* CGA_Bluetooth_Characteristic_FirmwareRevision.swift */ = {isa = PBXFileReference; lastKnownFileType = sourcecode.swift; path = CGA_Bluetooth_Characteristic_FirmwareRevision.swift; sourceTree = "<group>"; };
		OBJ_14 /* CGA_Bluetooth_Characteristic_HardwareRevision.swift */ = {isa = PBXFileReference; lastKnownFileType = sourcecode.swift; path = CGA_Bluetooth_Characteristic_HardwareRevision.swift; sourceTree = "<group>"; };
		OBJ_15 /* CGA_Bluetooth_Characteristic_LocalTimeInformation.swift */ = {isa = PBXFileReference; lastKnownFileType = sourcecode.swift; path = CGA_Bluetooth_Characteristic_LocalTimeInformation.swift; sourceTree = "<group>"; };
		OBJ_16 /* CGA_Bluetooth_Characteristic_ManufacturerName.swift */ = {isa = PBXFileReference; lastKnownFileType = sourcecode.swift; path = CGA_Bluetooth_Characteristic_ManufacturerName.swift; sourceTree = "<group>"; };
		OBJ_17 /* CGA_Bluetooth_Characteristic_ModelNumber.swift */ = {isa = PBXFileReference; lastKnownFileType = sourcecode.swift; path = CGA_Bluetooth_Characteristic_ModelNumber.swift; sourceTree = "<group>"; };
		OBJ_18 /* CGA_Bluetooth_Characteristic_SerialNumber.swift */ = {isa = PBXFileReference; lastKnownFileType = sourcecode.swift; path = CGA_Bluetooth_Characteristic_SerialNumber.swift; sourceTree = "<group>"; };
		OBJ_19 /* CGA_Bluetooth_Characteristic_SoftwareRevision.swift */ = {isa = PBXFileReference; lastKnownFileType = sourcecode.swift; path = CGA_Bluetooth_Characteristic_SoftwareRevision.swift; sourceTree = "<group>"; };
		OBJ_20 /* CGA_Bluetooth_Characteristic_SystemID.swift */ = {isa = PBXFileReference; lastKnownFileType = sourcecode.swift; path = CGA_Bluetooth_Characteristic_SystemID.swift; sourceTree = "<group>"; };
		OBJ_22 /* CGA_Bluetooth_Descriptor.swift */ = {isa = PBXFileReference; lastKnownFileType = sourcecode.swift; path = CGA_Bluetooth_Descriptor.swift; sourceTree = "<group>"; };
		OBJ_23 /* CGA_Bluetooth_Descriptor_AggregateFormat.swift */ = {isa = PBXFileReference; lastKnownFileType = sourcecode.swift; path = CGA_Bluetooth_Descriptor_AggregateFormat.swift; sourceTree = "<group>"; };
		OBJ_24 /* CGA_Bluetooth_Descriptor_CBUUIDL2CAPPSMCharacteristic.swift */ = {isa = PBXFileReference; lastKnownFileType = sourcecode.swift; path = CGA_Bluetooth_Descriptor_CBUUIDL2CAPPSMCharacteristic.swift; sourceTree = "<group>"; };
		OBJ_25 /* CGA_Bluetooth_Descriptor_Characteristic_Extended_Properties.swift */ = {isa = PBXFileReference; lastKnownFileType = sourcecode.swift; path = CGA_Bluetooth_Descriptor_Characteristic_Extended_Properties.swift; sourceTree = "<group>"; };
		OBJ_26 /* CGA_Bluetooth_Descriptor_ClientCharacteristicConfiguration.swift */ = {isa = PBXFileReference; lastKnownFileType = sourcecode.swift; path = CGA_Bluetooth_Descriptor_ClientCharacteristicConfiguration.swift; sourceTree = "<group>"; };
		OBJ_27 /* CGA_Bluetooth_Descriptor_PresentationFormat.swift */ = {isa = PBXFileReference; lastKnownFileType = sourcecode.swift; path = CGA_Bluetooth_Descriptor_PresentationFormat.swift; sourceTree = "<group>"; };
		OBJ_28 /* CGA_Bluetooth_Descriptor_ServerCharacteristicConfiguration.swift */ = {isa = PBXFileReference; lastKnownFileType = sourcecode.swift; path = CGA_Bluetooth_Descriptor_ServerCharacteristicConfiguration.swift; sourceTree = "<group>"; };
		OBJ_29 /* CGA_Bluetooth_Descriptor_UserDescription.swift */ = {isa = PBXFileReference; lastKnownFileType = sourcecode.swift; path = CGA_Bluetooth_Descriptor_UserDescription.swift; sourceTree = "<group>"; };
		OBJ_31 /* CGA_Bluetooth_Peripheral.swift */ = {isa = PBXFileReference; lastKnownFileType = sourcecode.swift; path = CGA_Bluetooth_Peripheral.swift; sourceTree = "<group>"; };
		OBJ_32 /* CGA_Bluetooth_Peripheral_Callbacks.swift */ = {isa = PBXFileReference; lastKnownFileType = sourcecode.swift; path = CGA_Bluetooth_Peripheral_Callbacks.swift; sourceTree = "<group>"; };
		OBJ_34 /* CGA_Bluetooth_Service.swift */ = {isa = PBXFileReference; lastKnownFileType = sourcecode.swift; path = CGA_Bluetooth_Service.swift; sourceTree = "<group>"; };
		OBJ_35 /* CGA_Bluetooth_Service_Battery.swift */ = {isa = PBXFileReference; lastKnownFileType = sourcecode.swift; path = CGA_Bluetooth_Service_Battery.swift; sourceTree = "<group>"; };
		OBJ_36 /* CGA_Bluetooth_Service_CurrentTime.swift */ = {isa = PBXFileReference; lastKnownFileType = sourcecode.swift; path = CGA_Bluetooth_Service_CurrentTime.swift; sourceTree = "<group>"; };
		OBJ_37 /* CGA_Bluetooth_Service_DeviceInfo.swift */ = {isa = PBXFileReference; lastKnownFileType = sourcecode.swift; path = CGA_Bluetooth_Service_DeviceInfo.swift; sourceTree = "<group>"; };
		OBJ_40 /* CGA_Bluetooth_Characteristic_Protocol_Internal.swift */ = {isa = PBXFileReference; lastKnownFileType = sourcecode.swift; path = CGA_Bluetooth_Characteristic_Protocol_Internal.swift; sourceTree = "<group>"; };
		OBJ_41 /* CGA_Bluetooth_Descriptor_Protocol_Internal.swift */ = {isa = PBXFileReference; lastKnownFileType = sourcecode.swift; path = CGA_Bluetooth_Descriptor_Protocol_Internal.swift; sourceTree = "<group>"; };
		OBJ_42 /* CGA_Bluetooth_Service_Protocol_Internal.swift */ = {isa = PBXFileReference; lastKnownFileType = sourcecode.swift; path = CGA_Bluetooth_Service_Protocol_Internal.swift; sourceTree = "<group>"; };
		OBJ_44 /* CGA_Array_Extensions.swift */ = {isa = PBXFileReference; lastKnownFileType = sourcecode.swift; path = CGA_Array_Extensions.swift; sourceTree = "<group>"; };
		OBJ_45 /* CGA_Bluetooth_Characteristic_Protocol.swift */ = {isa = PBXFileReference; lastKnownFileType = sourcecode.swift; path = CGA_Bluetooth_Characteristic_Protocol.swift; sourceTree = "<group>"; };
		OBJ_46 /* CGA_Bluetooth_Descriptor_Protocol.swift */ = {isa = PBXFileReference; lastKnownFileType = sourcecode.swift; path = CGA_Bluetooth_Descriptor_Protocol.swift; sourceTree = "<group>"; };
		OBJ_47 /* CGA_Bluetooth_Protocols.swift */ = {isa = PBXFileReference; lastKnownFileType = sourcecode.swift; path = CGA_Bluetooth_Protocols.swift; sourceTree = "<group>"; };
		OBJ_48 /* CGA_Bluetooth_Service_Protocol.swift */ = {isa = PBXFileReference; lastKnownFileType = sourcecode.swift; path = CGA_Bluetooth_Service_Protocol.swift; sourceTree = "<group>"; };
		OBJ_49 /* CGA_Errors.swift */ = {isa = PBXFileReference; lastKnownFileType = sourcecode.swift; path = CGA_Errors.swift; sourceTree = "<group>"; };
		OBJ_50 /* RVS_BlueThoth.swift */ = {isa = PBXFileReference; lastKnownFileType = sourcecode.swift; path = RVS_BlueThoth.swift; sourceTree = "<group>"; };
		OBJ_51 /* RVS_BlueThoth_Callbacks.swift */ = {isa = PBXFileReference; lastKnownFileType = sourcecode.swift; path = RVS_BlueThoth_Callbacks.swift; sourceTree = "<group>"; };
		OBJ_56 /* test */ = {isa = PBXFileReference; lastKnownFileType = folder; path = test; sourceTree = SOURCE_ROOT; };
		OBJ_57 /* RVS_BlueThoth.xcworkspace */ = {isa = PBXFileReference; lastKnownFileType = wrapper.workspace; path = RVS_BlueThoth.xcworkspace; sourceTree = SOURCE_ROOT; };
		OBJ_58 /* spec */ = {isa = PBXFileReference; lastKnownFileType = folder; path = spec; sourceTree = SOURCE_ROOT; };
		OBJ_59 /* docs */ = {isa = PBXFileReference; lastKnownFileType = folder; path = docs; sourceTree = SOURCE_ROOT; };
		OBJ_6 /* Package.swift */ = {isa = PBXFileReference; explicitFileType = sourcecode.swift; path = Package.swift; sourceTree = "<group>"; };
		OBJ_60 /* img */ = {isa = PBXFileReference; lastKnownFileType = folder; path = img; sourceTree = SOURCE_ROOT; };
		OBJ_61 /* Project-Meta */ = {isa = PBXFileReference; lastKnownFileType = folder; path = "Project-Meta"; sourceTree = SOURCE_ROOT; };
		OBJ_62 /* icon.png */ = {isa = PBXFileReference; lastKnownFileType = image.png; path = icon.png; sourceTree = "<group>"; };
		OBJ_63 /* LICENSE */ = {isa = PBXFileReference; lastKnownFileType = text; path = LICENSE; sourceTree = "<group>"; };
		OBJ_64 /* jazzy.sh */ = {isa = PBXFileReference; lastKnownFileType = text.script.sh; path = jazzy.sh; sourceTree = "<group>"; };
		OBJ_65 /* CHANGELOG.md */ = {isa = PBXFileReference; lastKnownFileType = net.daringfireball.markdown; path = CHANGELOG.md; sourceTree = "<group>"; };
		OBJ_66 /* CODEOWNERS */ = {isa = PBXFileReference; lastKnownFileType = text; path = CODEOWNERS; sourceTree = "<group>"; };
		OBJ_67 /* README.md */ = {isa = PBXFileReference; lastKnownFileType = net.daringfireball.markdown; path = README.md; sourceTree = "<group>"; };
		"RVS_BlueThoth::RVS_BlueThoth::Product" /* RVS_BlueThoth.framework */ = {isa = PBXFileReference; lastKnownFileType = wrapper.framework; path = RVS_BlueThoth.framework; sourceTree = BUILT_PRODUCTS_DIR; };
/* End PBXFileReference section */

/* Begin PBXFrameworksBuildPhase section */
		OBJ_114 /* Frameworks */ = {
			isa = PBXFrameworksBuildPhase;
			buildActionMask = 0;
			files = (
				D4BAE778249FB72E00F6414C /* RVS-Generic-Swift-Toolbox in Frameworks */,
			);
			runOnlyForDeploymentPostprocessing = 0;
		};
/* End PBXFrameworksBuildPhase section */

/* Begin PBXGroup section */
		OBJ_21 /* Descriptors */ = {
			isa = PBXGroup;
			children = (
				OBJ_22 /* CGA_Bluetooth_Descriptor.swift */,
				OBJ_23 /* CGA_Bluetooth_Descriptor_AggregateFormat.swift */,
				OBJ_24 /* CGA_Bluetooth_Descriptor_CBUUIDL2CAPPSMCharacteristic.swift */,
				OBJ_25 /* CGA_Bluetooth_Descriptor_Characteristic_Extended_Properties.swift */,
				OBJ_26 /* CGA_Bluetooth_Descriptor_ClientCharacteristicConfiguration.swift */,
				OBJ_27 /* CGA_Bluetooth_Descriptor_PresentationFormat.swift */,
				OBJ_28 /* CGA_Bluetooth_Descriptor_ServerCharacteristicConfiguration.swift */,
				OBJ_29 /* CGA_Bluetooth_Descriptor_UserDescription.swift */,
			);
			path = Descriptors;
			sourceTree = "<group>";
		};
		OBJ_30 /* Peripherals */ = {
			isa = PBXGroup;
			children = (
				OBJ_31 /* CGA_Bluetooth_Peripheral.swift */,
				OBJ_32 /* CGA_Bluetooth_Peripheral_Callbacks.swift */,
			);
			path = Peripherals;
			sourceTree = "<group>";
		};
		OBJ_33 /* Services */ = {
			isa = PBXGroup;
			children = (
				OBJ_34 /* CGA_Bluetooth_Service.swift */,
				OBJ_35 /* CGA_Bluetooth_Service_Battery.swift */,
				OBJ_36 /* CGA_Bluetooth_Service_CurrentTime.swift */,
				OBJ_37 /* CGA_Bluetooth_Service_DeviceInfo.swift */,
			);
			path = Services;
			sourceTree = "<group>";
		};
		OBJ_38 /* Protocols */ = {
			isa = PBXGroup;
			children = (
				OBJ_39 /* internal */,
				OBJ_43 /* public */,
			);
			path = Protocols;
			sourceTree = "<group>";
		};
		OBJ_39 /* internal */ = {
			isa = PBXGroup;
			children = (
				OBJ_40 /* CGA_Bluetooth_Characteristic_Protocol_Internal.swift */,
				OBJ_41 /* CGA_Bluetooth_Descriptor_Protocol_Internal.swift */,
				OBJ_42 /* CGA_Bluetooth_Service_Protocol_Internal.swift */,
			);
			path = internal;
			sourceTree = "<group>";
		};
		OBJ_43 /* public */ = {
			isa = PBXGroup;
			children = (
				OBJ_44 /* CGA_Array_Extensions.swift */,
				OBJ_45 /* CGA_Bluetooth_Characteristic_Protocol.swift */,
				OBJ_46 /* CGA_Bluetooth_Descriptor_Protocol.swift */,
				OBJ_47 /* CGA_Bluetooth_Protocols.swift */,
				OBJ_48 /* CGA_Bluetooth_Service_Protocol.swift */,
				OBJ_49 /* CGA_Errors.swift */,
			);
			path = public;
			sourceTree = "<group>";
		};
		OBJ_5 /*  */ = {
			isa = PBXGroup;
			children = (
				OBJ_6 /* Package.swift */,
				OBJ_7 /* Sources */,
				OBJ_52 /* Tests */,
				OBJ_53 /* Dependencies */,
				OBJ_54 /* Products */,
				OBJ_56 /* test */,
				OBJ_57 /* RVS_BlueThoth.xcworkspace */,
				OBJ_58 /* spec */,
				OBJ_59 /* docs */,
				OBJ_60 /* img */,
				OBJ_61 /* Project-Meta */,
				OBJ_62 /* icon.png */,
				OBJ_63 /* LICENSE */,
				OBJ_64 /* jazzy.sh */,
				OBJ_65 /* CHANGELOG.md */,
				OBJ_66 /* CODEOWNERS */,
				OBJ_67 /* README.md */,
			);
			name = "";
			sourceTree = "<group>";
		};
		OBJ_52 /* Tests */ = {
			isa = PBXGroup;
			children = (
			);
			name = Tests;
			sourceTree = SOURCE_ROOT;
		};
		OBJ_53 /* Dependencies */ = {
			isa = PBXGroup;
			children = (
			);
			name = Dependencies;
			sourceTree = "<group>";
		};
		OBJ_54 /* Products */ = {
			isa = PBXGroup;
			children = (
				"RVS_BlueThoth::RVS_BlueThoth::Product" /* RVS_BlueThoth.framework */,
			);
			name = Products;
			sourceTree = BUILT_PRODUCTS_DIR;
		};
		OBJ_7 /* Sources */ = {
			isa = PBXGroup;
			children = (
				OBJ_8 /* Implementation */,
				OBJ_38 /* Protocols */,
				OBJ_50 /* RVS_BlueThoth.swift */,
				OBJ_51 /* RVS_BlueThoth_Callbacks.swift */,
			);
			name = Sources;
			path = src/Source;
			sourceTree = SOURCE_ROOT;
		};
		OBJ_8 /* Implementation */ = {
			isa = PBXGroup;
			children = (
				OBJ_9 /* Characteristics */,
				OBJ_21 /* Descriptors */,
				OBJ_30 /* Peripherals */,
				OBJ_33 /* Services */,
			);
			path = Implementation;
			sourceTree = "<group>";
		};
		OBJ_9 /* Characteristics */ = {
			isa = PBXGroup;
			children = (
				OBJ_10 /* CGA_Bluetooth_Characteristic.swift */,
				OBJ_11 /* CGA_Bluetooth_Characteristic_BatteryLevel.swift */,
				OBJ_12 /* CGA_Bluetooth_Characteristic_CurrentTime.swift */,
				OBJ_13 /* CGA_Bluetooth_Characteristic_FirmwareRevision.swift */,
				OBJ_14 /* CGA_Bluetooth_Characteristic_HardwareRevision.swift */,
				OBJ_15 /* CGA_Bluetooth_Characteristic_LocalTimeInformation.swift */,
				OBJ_16 /* CGA_Bluetooth_Characteristic_ManufacturerName.swift */,
				OBJ_17 /* CGA_Bluetooth_Characteristic_ModelNumber.swift */,
				OBJ_18 /* CGA_Bluetooth_Characteristic_SerialNumber.swift */,
				OBJ_19 /* CGA_Bluetooth_Characteristic_SoftwareRevision.swift */,
				OBJ_20 /* CGA_Bluetooth_Characteristic_SystemID.swift */,
			);
			path = Characteristics;
			sourceTree = "<group>";
		};
/* End PBXGroup section */

/* Begin PBXNativeTarget section */
		"RVS_BlueThoth::RVS_BlueThoth" /* RVS_BlueThoth */ = {
			isa = PBXNativeTarget;
			buildConfigurationList = OBJ_74 /* Build configuration list for PBXNativeTarget "RVS_BlueThoth" */;
			buildPhases = (
				OBJ_77 /* Sources */,
				OBJ_114 /* Frameworks */,
				D4BAE77A249FB72E00F6414C /* Embed Frameworks */,
			);
			buildRules = (
			);
			dependencies = (
			);
			name = RVS_BlueThoth;
			packageProductDependencies = (
				D4BAE777249FB72E00F6414C /* RVS-Generic-Swift-Toolbox */,
			);
			productName = RVS_BlueThoth;
			productReference = "RVS_BlueThoth::RVS_BlueThoth::Product" /* RVS_BlueThoth.framework */;
			productType = "com.apple.product-type.framework";
		};
		"RVS_BlueThoth::SwiftPMPackageDescription" /* RVS_BlueThothPackageDescription */ = {
			isa = PBXNativeTarget;
			buildConfigurationList = OBJ_116 /* Build configuration list for PBXNativeTarget "RVS_BlueThothPackageDescription" */;
			buildPhases = (
				OBJ_119 /* Sources */,
			);
			buildRules = (
			);
			dependencies = (
			);
			name = RVS_BlueThothPackageDescription;
			productName = RVS_BlueThothPackageDescription;
			productType = "com.apple.product-type.framework";
		};
/* End PBXNativeTarget section */

/* Begin PBXProject section */
		OBJ_1 /* Project object */ = {
			isa = PBXProject;
			attributes = {
				LastSwiftMigration = 9999;
				LastUpgradeCheck = 9999;
			};
			buildConfigurationList = OBJ_2 /* Build configuration list for PBXProject "RVS_BlueThoth" */;
			compatibilityVersion = "Xcode 3.2";
			developmentRegion = en;
			hasScannedForEncodings = 0;
			knownRegions = (
				en,
			);
			mainGroup = OBJ_5 /*  */;
			packageReferences = (
				D4BAE776249FB72E00F6414C /* XCRemoteSwiftPackageReference "RVS_Generic_Swift_Toolbox" */,
			);
			productRefGroup = OBJ_54 /* Products */;
			projectDirPath = "";
			projectRoot = "";
			targets = (
				"RVS_BlueThoth::RVS-BlueThoth::ProductTarget" /* RVS-BlueThoth */,
				"RVS_BlueThoth::RVS_BlueThoth" /* RVS_BlueThoth */,
				"RVS_BlueThoth::SwiftPMPackageDescription" /* RVS_BlueThothPackageDescription */,
			);
		};
/* End PBXProject section */

/* Begin PBXSourcesBuildPhase section */
		OBJ_119 /* Sources */ = {
			isa = PBXSourcesBuildPhase;
			buildActionMask = 0;
			files = (
				OBJ_120 /* Package.swift in Sources */,
			);
			runOnlyForDeploymentPostprocessing = 0;
		};
		OBJ_77 /* Sources */ = {
			isa = PBXSourcesBuildPhase;
			buildActionMask = 0;
			files = (
				OBJ_78 /* CGA_Bluetooth_Characteristic.swift in Sources */,
				OBJ_79 /* CGA_Bluetooth_Characteristic_BatteryLevel.swift in Sources */,
				OBJ_80 /* CGA_Bluetooth_Characteristic_CurrentTime.swift in Sources */,
				OBJ_81 /* CGA_Bluetooth_Characteristic_FirmwareRevision.swift in Sources */,
				OBJ_82 /* CGA_Bluetooth_Characteristic_HardwareRevision.swift in Sources */,
				OBJ_83 /* CGA_Bluetooth_Characteristic_LocalTimeInformation.swift in Sources */,
				OBJ_84 /* CGA_Bluetooth_Characteristic_ManufacturerName.swift in Sources */,
				OBJ_85 /* CGA_Bluetooth_Characteristic_ModelNumber.swift in Sources */,
				OBJ_86 /* CGA_Bluetooth_Characteristic_SerialNumber.swift in Sources */,
				OBJ_87 /* CGA_Bluetooth_Characteristic_SoftwareRevision.swift in Sources */,
				OBJ_88 /* CGA_Bluetooth_Characteristic_SystemID.swift in Sources */,
				OBJ_89 /* CGA_Bluetooth_Descriptor.swift in Sources */,
				OBJ_90 /* CGA_Bluetooth_Descriptor_AggregateFormat.swift in Sources */,
				OBJ_91 /* CGA_Bluetooth_Descriptor_CBUUIDL2CAPPSMCharacteristic.swift in Sources */,
				OBJ_92 /* CGA_Bluetooth_Descriptor_Characteristic_Extended_Properties.swift in Sources */,
				OBJ_93 /* CGA_Bluetooth_Descriptor_ClientCharacteristicConfiguration.swift in Sources */,
				OBJ_94 /* CGA_Bluetooth_Descriptor_PresentationFormat.swift in Sources */,
				OBJ_95 /* CGA_Bluetooth_Descriptor_ServerCharacteristicConfiguration.swift in Sources */,
				OBJ_96 /* CGA_Bluetooth_Descriptor_UserDescription.swift in Sources */,
				OBJ_97 /* CGA_Bluetooth_Peripheral.swift in Sources */,
				OBJ_98 /* CGA_Bluetooth_Peripheral_Callbacks.swift in Sources */,
				OBJ_99 /* CGA_Bluetooth_Service.swift in Sources */,
				OBJ_100 /* CGA_Bluetooth_Service_Battery.swift in Sources */,
				OBJ_101 /* CGA_Bluetooth_Service_CurrentTime.swift in Sources */,
				OBJ_102 /* CGA_Bluetooth_Service_DeviceInfo.swift in Sources */,
				OBJ_103 /* CGA_Bluetooth_Characteristic_Protocol_Internal.swift in Sources */,
				OBJ_104 /* CGA_Bluetooth_Descriptor_Protocol_Internal.swift in Sources */,
				OBJ_105 /* CGA_Bluetooth_Service_Protocol_Internal.swift in Sources */,
				OBJ_106 /* CGA_Array_Extensions.swift in Sources */,
				OBJ_107 /* CGA_Bluetooth_Characteristic_Protocol.swift in Sources */,
				OBJ_108 /* CGA_Bluetooth_Descriptor_Protocol.swift in Sources */,
				OBJ_109 /* CGA_Bluetooth_Protocols.swift in Sources */,
				OBJ_110 /* CGA_Bluetooth_Service_Protocol.swift in Sources */,
				OBJ_111 /* CGA_Errors.swift in Sources */,
				OBJ_112 /* RVS_BlueThoth.swift in Sources */,
				OBJ_113 /* RVS_BlueThoth_Callbacks.swift in Sources */,
			);
			runOnlyForDeploymentPostprocessing = 0;
		};
/* End PBXSourcesBuildPhase section */

/* Begin PBXTargetDependency section */
		OBJ_72 /* PBXTargetDependency */ = {
			isa = PBXTargetDependency;
			target = "RVS_BlueThoth::RVS_BlueThoth" /* RVS_BlueThoth */;
			targetProxy = D4BAE775249FB6FA00F6414C /* PBXContainerItemProxy */;
		};
/* End PBXTargetDependency section */

/* Begin XCBuildConfiguration section */
		OBJ_117 /* Debug */ = {
			isa = XCBuildConfiguration;
			buildSettings = {
				LD = /usr/bin/true;
				OTHER_SWIFT_FLAGS = "-swift-version 5 -I $(TOOLCHAIN_DIR)/usr/lib/swift/pm/4_2 -target x86_64-apple-macosx10.10 -sdk /Applications/Xcode.app/Contents/Developer/Platforms/MacOSX.platform/Developer/SDKs/MacOSX10.15.sdk -package-description-version 5.2.0";
				SWIFT_VERSION = 5.0;
			};
			name = Debug;
		};
		OBJ_118 /* Release */ = {
			isa = XCBuildConfiguration;
			buildSettings = {
				LD = /usr/bin/true;
				OTHER_SWIFT_FLAGS = "-swift-version 5 -I $(TOOLCHAIN_DIR)/usr/lib/swift/pm/4_2 -target x86_64-apple-macosx10.10 -sdk /Applications/Xcode.app/Contents/Developer/Platforms/MacOSX.platform/Developer/SDKs/MacOSX10.15.sdk -package-description-version 5.2.0";
				SWIFT_VERSION = 5.0;
			};
			name = Release;
		};
		OBJ_3 /* Debug */ = {
			isa = XCBuildConfiguration;
			buildSettings = {
				CLANG_ENABLE_OBJC_ARC = YES;
				COMBINE_HIDPI_IMAGES = YES;
				COPY_PHASE_STRIP = NO;
				DEBUG_INFORMATION_FORMAT = dwarf;
				DYLIB_INSTALL_NAME_BASE = "@rpath";
				ENABLE_NS_ASSERTIONS = YES;
				GCC_OPTIMIZATION_LEVEL = 0;
				GCC_PREPROCESSOR_DEFINITIONS = (
					"$(inherited)",
					"SWIFT_PACKAGE=1",
					"DEBUG=1",
				);
				MACOSX_DEPLOYMENT_TARGET = 10.10;
				ONLY_ACTIVE_ARCH = YES;
				OTHER_SWIFT_FLAGS = "$(inherited) -DXcode";
				PRODUCT_NAME = "$(TARGET_NAME)";
				SDKROOT = macosx;
				SUPPORTED_PLATFORMS = "macosx iphoneos iphonesimulator appletvos appletvsimulator watchos watchsimulator";
				SWIFT_ACTIVE_COMPILATION_CONDITIONS = "$(inherited) SWIFT_PACKAGE DEBUG";
				SWIFT_OPTIMIZATION_LEVEL = "-Onone";
				USE_HEADERMAP = NO;
			};
			name = Debug;
		};
		OBJ_4 /* Release */ = {
			isa = XCBuildConfiguration;
			buildSettings = {
				CLANG_ENABLE_OBJC_ARC = YES;
				COMBINE_HIDPI_IMAGES = YES;
				COPY_PHASE_STRIP = YES;
				DEBUG_INFORMATION_FORMAT = "dwarf-with-dsym";
				DYLIB_INSTALL_NAME_BASE = "@rpath";
				GCC_OPTIMIZATION_LEVEL = s;
				GCC_PREPROCESSOR_DEFINITIONS = (
					"$(inherited)",
					"SWIFT_PACKAGE=1",
				);
				MACOSX_DEPLOYMENT_TARGET = 10.10;
				OTHER_SWIFT_FLAGS = "$(inherited) -DXcode";
				PRODUCT_NAME = "$(TARGET_NAME)";
				SDKROOT = macosx;
				SUPPORTED_PLATFORMS = "macosx iphoneos iphonesimulator appletvos appletvsimulator watchos watchsimulator";
				SWIFT_ACTIVE_COMPILATION_CONDITIONS = "$(inherited) SWIFT_PACKAGE";
				SWIFT_COMPILATION_MODE = wholemodule;
				SWIFT_OPTIMIZATION_LEVEL = "-O";
				USE_HEADERMAP = NO;
			};
			name = Release;
		};
		OBJ_70 /* Debug */ = {
			isa = XCBuildConfiguration;
			buildSettings = {
			};
			name = Debug;
		};
		OBJ_71 /* Release */ = {
			isa = XCBuildConfiguration;
			buildSettings = {
			};
			name = Release;
		};
		OBJ_75 /* Debug */ = {
			isa = XCBuildConfiguration;
			buildSettings = {
				ENABLE_TESTABILITY = YES;
				FRAMEWORK_SEARCH_PATHS = (
					"$(inherited)",
					"$(PLATFORM_DIR)/Developer/Library/Frameworks",
				);
				HEADER_SEARCH_PATHS = "$(inherited)";
				INFOPLIST_FILE = RVS_BlueThoth.xcodeproj/RVS_BlueThoth_Info.plist;
				IPHONEOS_DEPLOYMENT_TARGET = 11.0;
				LD_RUNPATH_SEARCH_PATHS = (
					"$(inherited)",
					"$(TOOLCHAIN_DIR)/usr/lib/swift/macosx",
				);
				MACOSX_DEPLOYMENT_TARGET = 10.14;
				OTHER_CFLAGS = "$(inherited)";
				OTHER_LDFLAGS = "$(inherited)";
				OTHER_SWIFT_FLAGS = "$(inherited)";
				PRODUCT_BUNDLE_IDENTIFIER = "RVS-BlueThoth";
				PRODUCT_MODULE_NAME = "$(TARGET_NAME:c99extidentifier)";
				PRODUCT_NAME = "$(TARGET_NAME:c99extidentifier)";
				SKIP_INSTALL = YES;
				SWIFT_ACTIVE_COMPILATION_CONDITIONS = "$(inherited)";
				SWIFT_VERSION = 5.0;
				TARGET_NAME = RVS_BlueThoth;
				TVOS_DEPLOYMENT_TARGET = 11.0;
				WATCHOS_DEPLOYMENT_TARGET = 5.0;
			};
			name = Debug;
		};
		OBJ_76 /* Release */ = {
			isa = XCBuildConfiguration;
			buildSettings = {
				ENABLE_TESTABILITY = YES;
				FRAMEWORK_SEARCH_PATHS = (
					"$(inherited)",
					"$(PLATFORM_DIR)/Developer/Library/Frameworks",
				);
				HEADER_SEARCH_PATHS = "$(inherited)";
				INFOPLIST_FILE = RVS_BlueThoth.xcodeproj/RVS_BlueThoth_Info.plist;
				IPHONEOS_DEPLOYMENT_TARGET = 11.0;
				LD_RUNPATH_SEARCH_PATHS = (
					"$(inherited)",
					"$(TOOLCHAIN_DIR)/usr/lib/swift/macosx",
				);
				MACOSX_DEPLOYMENT_TARGET = 10.14;
				OTHER_CFLAGS = "$(inherited)";
				OTHER_LDFLAGS = "$(inherited)";
				OTHER_SWIFT_FLAGS = "$(inherited)";
				PRODUCT_BUNDLE_IDENTIFIER = "RVS-BlueThoth";
				PRODUCT_MODULE_NAME = "$(TARGET_NAME:c99extidentifier)";
				PRODUCT_NAME = "$(TARGET_NAME:c99extidentifier)";
				SKIP_INSTALL = YES;
				SWIFT_ACTIVE_COMPILATION_CONDITIONS = "$(inherited)";
				SWIFT_VERSION = 5.0;
				TARGET_NAME = RVS_BlueThoth;
				TVOS_DEPLOYMENT_TARGET = 11.0;
				WATCHOS_DEPLOYMENT_TARGET = 5.0;
			};
			name = Release;
		};
/* End XCBuildConfiguration section */

/* Begin XCConfigurationList section */
		OBJ_116 /* Build configuration list for PBXNativeTarget "RVS_BlueThothPackageDescription" */ = {
			isa = XCConfigurationList;
			buildConfigurations = (
				OBJ_117 /* Debug */,
				OBJ_118 /* Release */,
			);
			defaultConfigurationIsVisible = 0;
			defaultConfigurationName = Release;
		};
		OBJ_2 /* Build configuration list for PBXProject "RVS_BlueThoth" */ = {
			isa = XCConfigurationList;
			buildConfigurations = (
				OBJ_3 /* Debug */,
				OBJ_4 /* Release */,
			);
			defaultConfigurationIsVisible = 0;
			defaultConfigurationName = Release;
		};
		OBJ_69 /* Build configuration list for PBXAggregateTarget "RVS-BlueThoth" */ = {
			isa = XCConfigurationList;
			buildConfigurations = (
				OBJ_70 /* Debug */,
				OBJ_71 /* Release */,
			);
			defaultConfigurationIsVisible = 0;
			defaultConfigurationName = Release;
		};
		OBJ_74 /* Build configuration list for PBXNativeTarget "RVS_BlueThoth" */ = {
			isa = XCConfigurationList;
			buildConfigurations = (
				OBJ_75 /* Debug */,
				OBJ_76 /* Release */,
			);
			defaultConfigurationIsVisible = 0;
			defaultConfigurationName = Release;
		};
/* End XCConfigurationList section */

/* Begin XCRemoteSwiftPackageReference section */
		D4BAE776249FB72E00F6414C /* XCRemoteSwiftPackageReference "RVS_Generic_Swift_Toolbox" */ = {
			isa = XCRemoteSwiftPackageReference;
			repositoryURL = "git@github.com:RiftValleySoftware/RVS_Generic_Swift_Toolbox.git";
			requirement = {
				branch = master;
				kind = branch;
			};
		};
/* End XCRemoteSwiftPackageReference section */

/* Begin XCSwiftPackageProductDependency section */
		D4BAE777249FB72E00F6414C /* RVS-Generic-Swift-Toolbox */ = {
			isa = XCSwiftPackageProductDependency;
			package = D4BAE776249FB72E00F6414C /* XCRemoteSwiftPackageReference "RVS_Generic_Swift_Toolbox" */;
			productName = "RVS-Generic-Swift-Toolbox";
		};
/* End XCSwiftPackageProductDependency section */
	};
	rootObject = OBJ_1 /* Project object */;
}
