{
  "object": {
    "pins": [
      {
        "package": "RVS_Generic_Swift_Toolbox",
        "repositoryURL": "git@github.com:RiftValleySoftware/RVS_Generic_Swift_Toolbox.git",
        "state": {
          "branch": null,
          "revision": "efcb055d7dbfaa43b903102189daab2416d0f8f8",
          "version": "1.6.2"
        }
      },
      {
        "package": "RVS_Persistent_Prefs",
        "repositoryURL": "git@github.com:RiftValleySoftware/RVS_PersistentPrefs.git",
        "state": {
          "branch": null,
          "revision": "d71d6bfaf1791b2e472f8e21e8fbc9428c5303af",
          "version": "1.2.1"
        }
      }
    ]
  },
  "version": 1
}
