{
  "originHash" : "bba20c3d9d3aa20ee17cbafc09f088979ed1b4082908459b8905c3c31150ac63",
  "pins" : [
    {
      "identity" : "rvs_generic_swift_toolbox",
      "kind" : "remoteSourceControl",
      "location" : "git@github.com:RiftValleySoftware/RVS_Generic_Swift_Toolbox.git",
      "state" : {
        "revision" : "b86541a112300c30bc3a6af3b2c296f5ab104a0f",
        "version" : "1.15.7"
      }
    },
    {
      "identity" : "rvs_persistentprefs",
      "kind" : "remoteSourceControl",
      "location" : "git@github.com:RiftValleySoftware/RVS_PersistentPrefs.git",
      "state" : {
        "revision" : "9b9966a1883a534a179669820fee945e3b938813",
        "version" : "1.5.0"
      }
    }
  ],
  "version" : 3
}
