{
  "pins" : [
    {
      "identity" : "rvs_generic_swift_toolbox",
      "kind" : "remoteSourceControl",
      "location" : "git@github.com:RiftValleySoftware/RVS_Generic_Swift_Toolbox.git",
      "state" : {
        "revision" : "6e12bdb89aed0faab848f8688cd750ddf9a57bc4",
        "version" : "1.11.0"
      }
    },
    {
      "identity" : "rvs_persistentprefs",
      "kind" : "remoteSourceControl",
      "location" : "git@github.com:RiftValleySoftware/RVS_PersistentPrefs.git",
      "state" : {
        "revision" : "1c05ac782f65b5c16e0551f0a052763e9e5fddce",
        "version" : "1.3.4"
      }
    }
  ],
  "version" : 2
}
